// !$*UTF8*$!
{
	archiveVersion = 1;
	classes = {
	};
	objectVersion = 54;
	objects = {

/* Begin PBXBuildFile section */
		A9226E242AB5399E003A1B62 /* CokeModelViewController.swift in Sources */ = {isa = PBXBuildFile; fileRef = A9226E232AB5399E003A1B62 /* CokeModelViewController.swift */; };
		A9226E262AB5598D003A1B62 /* CokeModel.metal in Sources */ = {isa = PBXBuildFile; fileRef = A9226E252AB5598D003A1B62 /* CokeModel.metal */; };
		A922CCEF2AB86D2600E4C8C0 /* CokeLighting.metal in Sources */ = {isa = PBXBuildFile; fileRef = A922CCEC2AB86D2600E4C8C0 /* CokeLighting.metal */; };
		A922CCF02AB86D2600E4C8C0 /* CokeLighting.h in Headers */ = {isa = PBXBuildFile; fileRef = A922CCED2AB86D2600E4C8C0 /* CokeLighting.h */; };
		A923536F2AAD6ECD00FFF763 /* CokeAudioConverter.swift in Sources */ = {isa = PBXBuildFile; fileRef = A923536E2AAD6ECD00FFF763 /* CokeAudioConverter.swift */; };
		A95240122ABD7DD20096FF8A /* libavcodec.a in Frameworks */ = {isa = PBXBuildFile; fileRef = A952400E2ABD7DC20096FF8A /* libavcodec.a */; };
		A95240132ABD7DD20096FF8A /* libavdevice.a in Frameworks */ = {isa = PBXBuildFile; fileRef = A952400F2ABD7DC20096FF8A /* libavdevice.a */; };
		A95240142ABD7DD20096FF8A /* libavfilter.a in Frameworks */ = {isa = PBXBuildFile; fileRef = A952400C2ABD7DC20096FF8A /* libavfilter.a */; };
		A95240152ABD7DD20096FF8A /* libavformat.a in Frameworks */ = {isa = PBXBuildFile; fileRef = A952400D2ABD7DC20096FF8A /* libavformat.a */; };
		A95240162ABD7DD20096FF8A /* libavutil.a in Frameworks */ = {isa = PBXBuildFile; fileRef = A952400B2ABD7DC20096FF8A /* libavutil.a */; };
		A95240172ABD7DD30096FF8A /* libswresample.a in Frameworks */ = {isa = PBXBuildFile; fileRef = A95240102ABD7DC20096FF8A /* libswresample.a */; };
		A95240182ABD7DD30096FF8A /* libswscale.a in Frameworks */ = {isa = PBXBuildFile; fileRef = A95240112ABD7DC20096FF8A /* libswscale.a */; };
		A9A40D192AB4C162000DB84A /* CokeModel.swift in Sources */ = {isa = PBXBuildFile; fileRef = A9A40D182AB4C162000DB84A /* CokeModel.swift */; };
		A9B1F52226B6380500E157A4 /* DetailViewController.swift in Sources */ = {isa = PBXBuildFile; fileRef = A9B1F52126B6380500E157A4 /* DetailViewController.swift */; };
		A9C8D4E42AA6400200C23FC6 /* CodeVideoDecoder.swift in Sources */ = {isa = PBXBuildFile; fileRef = A9C8D4E32AA6400200C23FC6 /* CodeVideoDecoder.swift */; };
		A9C8D4E62AA75F0900C23FC6 /* CodeSampleDisplay.swift in Sources */ = {isa = PBXBuildFile; fileRef = A9C8D4E52AA75F0900C23FC6 /* CodeSampleDisplay.swift */; };
		A9C8D4EB2AA78DDF00C23FC6 /* CokeAudioBuffer.swift in Sources */ = {isa = PBXBuildFile; fileRef = A9C8D4EA2AA78DDF00C23FC6 /* CokeAudioBuffer.swift */; };
		A9C8D50D2AACA64F00C23FC6 /* CokeAudioPlayer.swift in Sources */ = {isa = PBXBuildFile; fileRef = A9C8D50C2AACA64F00C23FC6 /* CokeAudioPlayer.swift */; };
		A9D1C9B626B3086500F4421B /* AppDelegate.swift in Sources */ = {isa = PBXBuildFile; fileRef = A9D1C9B526B3086500F4421B /* AppDelegate.swift */; };
		A9D1C9BA26B3086500F4421B /* ViewController.swift in Sources */ = {isa = PBXBuildFile; fileRef = A9D1C9B926B3086500F4421B /* ViewController.swift */; };
		A9D1C9BD26B3086500F4421B /* Main.storyboard in Resources */ = {isa = PBXBuildFile; fileRef = A9D1C9BB26B3086500F4421B /* Main.storyboard */; };
		A9D1C9BF26B3086600F4421B /* Assets.xcassets in Resources */ = {isa = PBXBuildFile; fileRef = A9D1C9BE26B3086600F4421B /* Assets.xcassets */; };
		A9D1C9D526B308B100F4421B /* Coke.framework in Frameworks */ = {isa = PBXBuildFile; fileRef = A9D1C9CE26B308B100F4421B /* Coke.framework */; };
		A9D1C9D626B308B100F4421B /* Coke.framework in Embed Frameworks */ = {isa = PBXBuildFile; fileRef = A9D1C9CE26B308B100F4421B /* Coke.framework */; settings = {ATTRIBUTES = (CodeSignOnCopy, RemoveHeadersOnCopy, ); }; };
		A9D1CA0026B3093800F4421B /* CokeCompute.swift in Sources */ = {isa = PBXBuildFile; fileRef = A9D1C9DC26B3093800F4421B /* CokeCompute.swift */; };
		A9D1CA0126B3093800F4421B /* CokeConfiguration.swift in Sources */ = {isa = PBXBuildFile; fileRef = A9D1C9DD26B3093800F4421B /* CokeConfiguration.swift */; };
		A9D1CA0226B3093800F4421B /* CokeTextureRender.swift in Sources */ = {isa = PBXBuildFile; fileRef = A9D1C9DE26B3093800F4421B /* CokeTextureRender.swift */; };
		A9D1CA0326B3093800F4421B /* CokeDisplay.swift in Sources */ = {isa = PBXBuildFile; fileRef = A9D1C9DF26B3093800F4421B /* CokeDisplay.swift */; };
		A9D1CA0426B3093800F4421B /* CokeMetalFilter.swift in Sources */ = {isa = PBXBuildFile; fileRef = A9D1C9E026B3093800F4421B /* CokeMetalFilter.swift */; };
		A9D1CA0526B3093800F4421B /* CokeVideoPlayer.swift in Sources */ = {isa = PBXBuildFile; fileRef = A9D1C9E126B3093800F4421B /* CokeVideoPlayer.swift */; };
		A9D1CA0726B3093800F4421B /* CokeVideo.metal in Sources */ = {isa = PBXBuildFile; fileRef = A9D1C9E426B3093800F4421B /* CokeVideo.metal */; };
		A9D1CA0826B3093800F4421B /* CokeVideoTrack.swift in Sources */ = {isa = PBXBuildFile; fileRef = A9D1C9E526B3093800F4421B /* CokeVideoTrack.swift */; };
		A9D1CA0926B3093800F4421B /* CokeView.swift in Sources */ = {isa = PBXBuildFile; fileRef = A9D1C9E626B3093800F4421B /* CokeView.swift */; };
		A9D1CA1126B3093800F4421B /* CokeDiskStorage.swift in Sources */ = {isa = PBXBuildFile; fileRef = A9D1C9F226B3093800F4421B /* CokeDiskStorage.swift */; };
		A9D1CA1226B3093800F4421B /* Coke.swift in Sources */ = {isa = PBXBuildFile; fileRef = A9D1C9F326B3093800F4421B /* Coke.swift */; };
		A9D1CA1326B3093800F4421B /* CokeSecurity.swift in Sources */ = {isa = PBXBuildFile; fileRef = A9D1C9F426B3093800F4421B /* CokeSecurity.swift */; };
		A9D1CA1426B3093800F4421B /* CokeVideoLoader.swift in Sources */ = {isa = PBXBuildFile; fileRef = A9D1C9F526B3093800F4421B /* CokeVideoLoader.swift */; };
		A9D1CA1526B3093800F4421B /* CokeDownloader.swift in Sources */ = {isa = PBXBuildFile; fileRef = A9D1C9F626B3093800F4421B /* CokeDownloader.swift */; };
		A9D1CA2026B30B6B00F4421B /* Launch.storyboard in Resources */ = {isa = PBXBuildFile; fileRef = A9D1CA1F26B30B6B00F4421B /* Launch.storyboard */; };
		A9D1CA2226B31DFE00F4421B /* CokeConfig.swift in Sources */ = {isa = PBXBuildFile; fileRef = A9D1CA2126B31DFE00F4421B /* CokeConfig.swift */; };
		A9E3D62F2AA60D9C00BD5CF7 /* CodeVideoEncoder.swift in Sources */ = {isa = PBXBuildFile; fileRef = A9E3D62E2AA60D9C00BD5CF7 /* CodeVideoEncoder.swift */; };
		A9E3D6312AA60FCB00BD5CF7 /* CodeVideoSample.swift in Sources */ = {isa = PBXBuildFile; fileRef = A9E3D6302AA60FCB00BD5CF7 /* CodeVideoSample.swift */; };
		A9E3D6342AA6127900BD5CF7 /* CokeCapture.swift in Sources */ = {isa = PBXBuildFile; fileRef = A9E3D6332AA6127900BD5CF7 /* CokeCapture.swift */; };
/* End PBXBuildFile section */

/* Begin PBXContainerItemProxy section */
		A9D1C9D326B308B100F4421B /* PBXContainerItemProxy */ = {
			isa = PBXContainerItemProxy;
			containerPortal = A9D1C9AA26B3086500F4421B /* Project object */;
			proxyType = 1;
			remoteGlobalIDString = A9D1C9CD26B308B100F4421B;
			remoteInfo = Coke;
		};
/* End PBXContainerItemProxy section */

/* Begin PBXCopyFilesBuildPhase section */
		A9D1C9DA26B308B100F4421B /* Embed Frameworks */ = {
			isa = PBXCopyFilesBuildPhase;
			buildActionMask = 2147483647;
			dstPath = "";
			dstSubfolderSpec = 10;
			files = (
				A9D1C9D626B308B100F4421B /* Coke.framework in Embed Frameworks */,
			);
			name = "Embed Frameworks";
			runOnlyForDeploymentPostprocessing = 0;
		};
/* End PBXCopyFilesBuildPhase section */

/* Begin PBXFileReference section */
		A9226E232AB5399E003A1B62 /* CokeModelViewController.swift */ = {isa = PBXFileReference; lastKnownFileType = sourcecode.swift; path = CokeModelViewController.swift; sourceTree = "<group>"; };
		A9226E252AB5598D003A1B62 /* CokeModel.metal */ = {isa = PBXFileReference; lastKnownFileType = sourcecode.metal; path = CokeModel.metal; sourceTree = "<group>"; };
		A9226E272AB55A8D003A1B62 /* CokeShaderDefine.h */ = {isa = PBXFileReference; lastKnownFileType = sourcecode.c.h; path = CokeShaderDefine.h; sourceTree = "<group>"; };
		A922CCEC2AB86D2600E4C8C0 /* CokeLighting.metal */ = {isa = PBXFileReference; fileEncoding = 4; lastKnownFileType = sourcecode.metal; path = CokeLighting.metal; sourceTree = "<group>"; };
		A922CCED2AB86D2600E4C8C0 /* CokeLighting.h */ = {isa = PBXFileReference; fileEncoding = 4; lastKnownFileType = sourcecode.c.h; path = CokeLighting.h; sourceTree = "<group>"; };
		A923536E2AAD6ECD00FFF763 /* CokeAudioConverter.swift */ = {isa = PBXFileReference; lastKnownFileType = sourcecode.swift; path = CokeAudioConverter.swift; sourceTree = "<group>"; };
		A952400B2ABD7DC20096FF8A /* libavutil.a */ = {isa = PBXFileReference; lastKnownFileType = archive.ar; name = libavutil.a; path = "CokeVideo/FFmpeg-iOS/lib/libavutil.a"; sourceTree = "<group>"; };
		A952400C2ABD7DC20096FF8A /* libavfilter.a */ = {isa = PBXFileReference; lastKnownFileType = archive.ar; name = libavfilter.a; path = "CokeVideo/FFmpeg-iOS/lib/libavfilter.a"; sourceTree = "<group>"; };
		A952400D2ABD7DC20096FF8A /* libavformat.a */ = {isa = PBXFileReference; lastKnownFileType = archive.ar; name = libavformat.a; path = "CokeVideo/FFmpeg-iOS/lib/libavformat.a"; sourceTree = "<group>"; };
		A952400E2ABD7DC20096FF8A /* libavcodec.a */ = {isa = PBXFileReference; lastKnownFileType = archive.ar; name = libavcodec.a; path = "CokeVideo/FFmpeg-iOS/lib/libavcodec.a"; sourceTree = "<group>"; };
		A952400F2ABD7DC20096FF8A /* libavdevice.a */ = {isa = PBXFileReference; lastKnownFileType = archive.ar; name = libavdevice.a; path = "CokeVideo/FFmpeg-iOS/lib/libavdevice.a"; sourceTree = "<group>"; };
		A95240102ABD7DC20096FF8A /* libswresample.a */ = {isa = PBXFileReference; lastKnownFileType = archive.ar; name = libswresample.a; path = "CokeVideo/FFmpeg-iOS/lib/libswresample.a"; sourceTree = "<group>"; };
		A95240112ABD7DC20096FF8A /* libswscale.a */ = {isa = PBXFileReference; lastKnownFileType = archive.ar; name = libswscale.a; path = "CokeVideo/FFmpeg-iOS/lib/libswscale.a"; sourceTree = "<group>"; };
		A9889A8C2ABD301800547CB9 /* FFmpeg.framework */ = {isa = PBXFileReference; lastKnownFileType = wrapper.framework; name = FFmpeg.framework; path = CokeVideo/FFmpeg.framework; sourceTree = "<group>"; };
		A9A40D182AB4C162000DB84A /* CokeModel.swift */ = {isa = PBXFileReference; lastKnownFileType = sourcecode.swift; path = CokeModel.swift; sourceTree = "<group>"; };
		A9B1F52126B6380500E157A4 /* DetailViewController.swift */ = {isa = PBXFileReference; lastKnownFileType = sourcecode.swift; path = DetailViewController.swift; sourceTree = "<group>"; };
		A9C8D4E32AA6400200C23FC6 /* CodeVideoDecoder.swift */ = {isa = PBXFileReference; lastKnownFileType = sourcecode.swift; path = CodeVideoDecoder.swift; sourceTree = "<group>"; };
		A9C8D4E52AA75F0900C23FC6 /* CodeSampleDisplay.swift */ = {isa = PBXFileReference; lastKnownFileType = sourcecode.swift; path = CodeSampleDisplay.swift; sourceTree = "<group>"; };
		A9C8D4EA2AA78DDF00C23FC6 /* CokeAudioBuffer.swift */ = {isa = PBXFileReference; lastKnownFileType = sourcecode.swift; path = CokeAudioBuffer.swift; sourceTree = "<group>"; };
		A9C8D50C2AACA64F00C23FC6 /* CokeAudioPlayer.swift */ = {isa = PBXFileReference; lastKnownFileType = sourcecode.swift; path = CokeAudioPlayer.swift; sourceTree = "<group>"; };
		A9D1C9B226B3086500F4421B /* CokeVideo.app */ = {isa = PBXFileReference; explicitFileType = wrapper.application; includeInIndex = 0; path = CokeVideo.app; sourceTree = BUILT_PRODUCTS_DIR; };
		A9D1C9B526B3086500F4421B /* AppDelegate.swift */ = {isa = PBXFileReference; lastKnownFileType = sourcecode.swift; path = AppDelegate.swift; sourceTree = "<group>"; };
		A9D1C9B926B3086500F4421B /* ViewController.swift */ = {isa = PBXFileReference; lastKnownFileType = sourcecode.swift; path = ViewController.swift; sourceTree = "<group>"; };
		A9D1C9BC26B3086500F4421B /* Base */ = {isa = PBXFileReference; lastKnownFileType = file.storyboard; name = Base; path = Base.lproj/Main.storyboard; sourceTree = "<group>"; };
		A9D1C9BE26B3086600F4421B /* Assets.xcassets */ = {isa = PBXFileReference; lastKnownFileType = folder.assetcatalog; path = Assets.xcassets; sourceTree = "<group>"; };
		A9D1C9C326B3086600F4421B /* Info.plist */ = {isa = PBXFileReference; lastKnownFileType = text.plist.xml; path = Info.plist; sourceTree = "<group>"; };
		A9D1C9CE26B308B100F4421B /* Coke.framework */ = {isa = PBXFileReference; explicitFileType = wrapper.framework; includeInIndex = 0; path = Coke.framework; sourceTree = BUILT_PRODUCTS_DIR; };
		A9D1C9D126B308B100F4421B /* Info.plist */ = {isa = PBXFileReference; lastKnownFileType = text.plist.xml; path = Info.plist; sourceTree = "<group>"; };
		A9D1C9DC26B3093800F4421B /* CokeCompute.swift */ = {isa = PBXFileReference; fileEncoding = 4; lastKnownFileType = sourcecode.swift; path = CokeCompute.swift; sourceTree = "<group>"; };
		A9D1C9DD26B3093800F4421B /* CokeConfiguration.swift */ = {isa = PBXFileReference; fileEncoding = 4; lastKnownFileType = sourcecode.swift; path = CokeConfiguration.swift; sourceTree = "<group>"; };
		A9D1C9DE26B3093800F4421B /* CokeTextureRender.swift */ = {isa = PBXFileReference; fileEncoding = 4; lastKnownFileType = sourcecode.swift; path = CokeTextureRender.swift; sourceTree = "<group>"; };
		A9D1C9DF26B3093800F4421B /* CokeDisplay.swift */ = {isa = PBXFileReference; fileEncoding = 4; lastKnownFileType = sourcecode.swift; path = CokeDisplay.swift; sourceTree = "<group>"; };
		A9D1C9E026B3093800F4421B /* CokeMetalFilter.swift */ = {isa = PBXFileReference; fileEncoding = 4; lastKnownFileType = sourcecode.swift; path = CokeMetalFilter.swift; sourceTree = "<group>"; };
		A9D1C9E126B3093800F4421B /* CokeVideoPlayer.swift */ = {isa = PBXFileReference; fileEncoding = 4; lastKnownFileType = sourcecode.swift; path = CokeVideoPlayer.swift; sourceTree = "<group>"; };
		A9D1C9E426B3093800F4421B /* CokeVideo.metal */ = {isa = PBXFileReference; fileEncoding = 4; lastKnownFileType = sourcecode.metal; path = CokeVideo.metal; sourceTree = "<group>"; };
		A9D1C9E526B3093800F4421B /* CokeVideoTrack.swift */ = {isa = PBXFileReference; fileEncoding = 4; lastKnownFileType = sourcecode.swift; path = CokeVideoTrack.swift; sourceTree = "<group>"; };
		A9D1C9E626B3093800F4421B /* CokeView.swift */ = {isa = PBXFileReference; fileEncoding = 4; lastKnownFileType = sourcecode.swift; path = CokeView.swift; sourceTree = "<group>"; };
		A9D1C9F226B3093800F4421B /* CokeDiskStorage.swift */ = {isa = PBXFileReference; fileEncoding = 4; lastKnownFileType = sourcecode.swift; path = CokeDiskStorage.swift; sourceTree = "<group>"; };
		A9D1C9F326B3093800F4421B /* Coke.swift */ = {isa = PBXFileReference; fileEncoding = 4; lastKnownFileType = sourcecode.swift; path = Coke.swift; sourceTree = "<group>"; };
		A9D1C9F426B3093800F4421B /* CokeSecurity.swift */ = {isa = PBXFileReference; fileEncoding = 4; lastKnownFileType = sourcecode.swift; path = CokeSecurity.swift; sourceTree = "<group>"; };
		A9D1C9F526B3093800F4421B /* CokeVideoLoader.swift */ = {isa = PBXFileReference; fileEncoding = 4; lastKnownFileType = sourcecode.swift; path = CokeVideoLoader.swift; sourceTree = "<group>"; };
		A9D1C9F626B3093800F4421B /* CokeDownloader.swift */ = {isa = PBXFileReference; fileEncoding = 4; lastKnownFileType = sourcecode.swift; path = CokeDownloader.swift; sourceTree = "<group>"; };
		A9D1CA1F26B30B6B00F4421B /* Launch.storyboard */ = {isa = PBXFileReference; lastKnownFileType = file.storyboard; path = Launch.storyboard; sourceTree = "<group>"; };
		A9D1CA2126B31DFE00F4421B /* CokeConfig.swift */ = {isa = PBXFileReference; lastKnownFileType = sourcecode.swift; path = CokeConfig.swift; sourceTree = "<group>"; };
		A9E3D5EA2A9E236900BD5CF7 /* CokeVideo.entitlements */ = {isa = PBXFileReference; lastKnownFileType = text.plist.entitlements; path = CokeVideo.entitlements; sourceTree = "<group>"; };
		A9E3D62E2AA60D9C00BD5CF7 /* CodeVideoEncoder.swift */ = {isa = PBXFileReference; lastKnownFileType = sourcecode.swift; path = CodeVideoEncoder.swift; sourceTree = "<group>"; };
		A9E3D6302AA60FCB00BD5CF7 /* CodeVideoSample.swift */ = {isa = PBXFileReference; lastKnownFileType = sourcecode.swift; path = CodeVideoSample.swift; sourceTree = "<group>"; };
		A9E3D6332AA6127900BD5CF7 /* CokeCapture.swift */ = {isa = PBXFileReference; lastKnownFileType = sourcecode.swift; path = CokeCapture.swift; sourceTree = "<group>"; };
/* End PBXFileReference section */

/* Begin PBXFrameworksBuildPhase section */
		A9D1C9AF26B3086500F4421B /* Frameworks */ = {
			isa = PBXFrameworksBuildPhase;
			buildActionMask = 2147483647;
			files = (
				A95240162ABD7DD20096FF8A /* libavutil.a in Frameworks */,
				A95240142ABD7DD20096FF8A /* libavfilter.a in Frameworks */,
				A9D1C9D526B308B100F4421B /* Coke.framework in Frameworks */,
				A95240132ABD7DD20096FF8A /* libavdevice.a in Frameworks */,
				A95240182ABD7DD30096FF8A /* libswscale.a in Frameworks */,
				A95240152ABD7DD20096FF8A /* libavformat.a in Frameworks */,
				A95240172ABD7DD30096FF8A /* libswresample.a in Frameworks */,
				A95240122ABD7DD20096FF8A /* libavcodec.a in Frameworks */,
			);
			runOnlyForDeploymentPostprocessing = 0;
		};
		A9D1C9CB26B308B100F4421B /* Frameworks */ = {
			isa = PBXFrameworksBuildPhase;
			buildActionMask = 2147483647;
			files = (
			);
			runOnlyForDeploymentPostprocessing = 0;
		};
/* End PBXFrameworksBuildPhase section */

/* Begin PBXGroup section */
		A9889A8B2ABD301800547CB9 /* Frameworks */ = {
			isa = PBXGroup;
			children = (
				A952400E2ABD7DC20096FF8A /* libavcodec.a */,
				A952400F2ABD7DC20096FF8A /* libavdevice.a */,
				A952400C2ABD7DC20096FF8A /* libavfilter.a */,
				A952400D2ABD7DC20096FF8A /* libavformat.a */,
				A952400B2ABD7DC20096FF8A /* libavutil.a */,
				A95240102ABD7DC20096FF8A /* libswresample.a */,
				A95240112ABD7DC20096FF8A /* libswscale.a */,
				A9889A8C2ABD301800547CB9 /* FFmpeg.framework */,
			);
			name = Frameworks;
			sourceTree = "<group>";
		};
		A9C8D4E72AA78BDF00C23FC6 /* Audio */ = {
			isa = PBXGroup;
			children = (
				A9C8D4EA2AA78DDF00C23FC6 /* CokeAudioBuffer.swift */,
				A9C8D50C2AACA64F00C23FC6 /* CokeAudioPlayer.swift */,
				A923536E2AAD6ECD00FFF763 /* CokeAudioConverter.swift */,
			);
			path = Audio;
			sourceTree = "<group>";
		};
		A9D1C9A926B3086500F4421B = {
			isa = PBXGroup;
			children = (
				A9D1C9B426B3086500F4421B /* CokeVideo */,
				A9D1C9CF26B308B100F4421B /* Coke */,
				A9D1C9B326B3086500F4421B /* Products */,
				A9889A8B2ABD301800547CB9 /* Frameworks */,
			);
			sourceTree = "<group>";
		};
		A9D1C9B326B3086500F4421B /* Products */ = {
			isa = PBXGroup;
			children = (
				A9D1C9B226B3086500F4421B /* CokeVideo.app */,
				A9D1C9CE26B308B100F4421B /* Coke.framework */,
			);
			name = Products;
			sourceTree = "<group>";
		};
		A9D1C9B426B3086500F4421B /* CokeVideo */ = {
			isa = PBXGroup;
			children = (
				A9E3D5EA2A9E236900BD5CF7 /* CokeVideo.entitlements */,
				A9D1C9B526B3086500F4421B /* AppDelegate.swift */,
				A9D1C9B926B3086500F4421B /* ViewController.swift */,
				A9D1C9BB26B3086500F4421B /* Main.storyboard */,
				A9B1F52126B6380500E157A4 /* DetailViewController.swift */,
				A9226E232AB5399E003A1B62 /* CokeModelViewController.swift */,
				A9D1C9BE26B3086600F4421B /* Assets.xcassets */,
				A9D1CA1F26B30B6B00F4421B /* Launch.storyboard */,
				A9D1C9C326B3086600F4421B /* Info.plist */,
			);
			path = CokeVideo;
			sourceTree = "<group>";
		};
		A9D1C9CF26B308B100F4421B /* Coke */ = {
			isa = PBXGroup;
			children = (
				A9C8D4E72AA78BDF00C23FC6 /* Audio */,
				A9E3D6322AA611F400BD5CF7 /* Camera */,
				A9E3D62D2AA60D7200BD5CF7 /* Video */,
				A9D1C9F126B3093800F4421B /* Coke */,
				A9D1C9DB26B3093800F4421B /* Metal */,
				A9D1C9D126B308B100F4421B /* Info.plist */,
			);
			path = Coke;
			sourceTree = "<group>";
		};
		A9D1C9DB26B3093800F4421B /* Metal */ = {
			isa = PBXGroup;
			children = (
				A9D1C9E626B3093800F4421B /* CokeView.swift */,
				A9D1CA2126B31DFE00F4421B /* CokeConfig.swift */,
				A9D1C9DC26B3093800F4421B /* CokeCompute.swift */,
				A9D1C9DD26B3093800F4421B /* CokeConfiguration.swift */,
				A9D1C9DE26B3093800F4421B /* CokeTextureRender.swift */,
				A9D1C9DF26B3093800F4421B /* CokeDisplay.swift */,
				A9D1C9E026B3093800F4421B /* CokeMetalFilter.swift */,
				A9D1C9E126B3093800F4421B /* CokeVideoPlayer.swift */,
				A9D1C9E526B3093800F4421B /* CokeVideoTrack.swift */,
				A9A40D182AB4C162000DB84A /* CokeModel.swift */,
				A9D1C9E226B3093800F4421B /* shader */,
			);
			path = Metal;
			sourceTree = "<group>";
		};
		A9D1C9E226B3093800F4421B /* shader */ = {
			isa = PBXGroup;
			children = (
				A922CCED2AB86D2600E4C8C0 /* CokeLighting.h */,
				A922CCEC2AB86D2600E4C8C0 /* CokeLighting.metal */,
				A9D1C9E426B3093800F4421B /* CokeVideo.metal */,
				A9226E252AB5598D003A1B62 /* CokeModel.metal */,
				A9226E272AB55A8D003A1B62 /* CokeShaderDefine.h */,
			);
			path = shader;
			sourceTree = "<group>";
		};
		A9D1C9F126B3093800F4421B /* Coke */ = {
			isa = PBXGroup;
			children = (
				A9D1C9F226B3093800F4421B /* CokeDiskStorage.swift */,
				A9D1C9F326B3093800F4421B /* Coke.swift */,
				A9D1C9F426B3093800F4421B /* CokeSecurity.swift */,
				A9D1C9F526B3093800F4421B /* CokeVideoLoader.swift */,
				A9D1C9F626B3093800F4421B /* CokeDownloader.swift */,
			);
			path = Coke;
			sourceTree = "<group>";
		};
		A9E3D62D2AA60D7200BD5CF7 /* Video */ = {
			isa = PBXGroup;
			children = (
				A9E3D62E2AA60D9C00BD5CF7 /* CodeVideoEncoder.swift */,
				A9C8D4E32AA6400200C23FC6 /* CodeVideoDecoder.swift */,
				A9E3D6302AA60FCB00BD5CF7 /* CodeVideoSample.swift */,
				A9C8D4E52AA75F0900C23FC6 /* CodeSampleDisplay.swift */,
			);
			path = Video;
			sourceTree = "<group>";
		};
		A9E3D6322AA611F400BD5CF7 /* Camera */ = {
			isa = PBXGroup;
			children = (
				A9E3D6332AA6127900BD5CF7 /* CokeCapture.swift */,
			);
			path = Camera;
			sourceTree = "<group>";
		};
/* End PBXGroup section */

/* Begin PBXHeadersBuildPhase section */
		A9D1C9C926B308B100F4421B /* Headers */ = {
			isa = PBXHeadersBuildPhase;
			buildActionMask = 2147483647;
			files = (
				A922CCF02AB86D2600E4C8C0 /* CokeLighting.h in Headers */,
			);
			runOnlyForDeploymentPostprocessing = 0;
		};
/* End PBXHeadersBuildPhase section */

/* Begin PBXNativeTarget section */
		A9D1C9B126B3086500F4421B /* CokeVideo */ = {
			isa = PBXNativeTarget;
			buildConfigurationList = A9D1C9C626B3086600F4421B /* Build configuration list for PBXNativeTarget "CokeVideo" */;
			buildPhases = (
				A9D1C9AE26B3086500F4421B /* Sources */,
				A9D1C9AF26B3086500F4421B /* Frameworks */,
				A9D1C9B026B3086500F4421B /* Resources */,
				A9D1C9DA26B308B100F4421B /* Embed Frameworks */,
			);
			buildRules = (
			);
			dependencies = (
				A9D1C9D426B308B100F4421B /* PBXTargetDependency */,
			);
			name = CokeVideo;
			productName = CokeVideo;
			productReference = A9D1C9B226B3086500F4421B /* CokeVideo.app */;
			productType = "com.apple.product-type.application";
		};
		A9D1C9CD26B308B100F4421B /* Coke */ = {
			isa = PBXNativeTarget;
			buildConfigurationList = A9D1C9D726B308B100F4421B /* Build configuration list for PBXNativeTarget "Coke" */;
			buildPhases = (
				A9D1C9C926B308B100F4421B /* Headers */,
				A9D1C9CA26B308B100F4421B /* Sources */,
				A9D1C9CB26B308B100F4421B /* Frameworks */,
				A9D1C9CC26B308B100F4421B /* Resources */,
			);
			buildRules = (
			);
			dependencies = (
			);
			name = Coke;
			productName = Coke;
			productReference = A9D1C9CE26B308B100F4421B /* Coke.framework */;
			productType = "com.apple.product-type.framework";
		};
/* End PBXNativeTarget section */

/* Begin PBXProject section */
		A9D1C9AA26B3086500F4421B /* Project object */ = {
			isa = PBXProject;
			attributes = {
				BuildIndependentTargetsInParallel = YES;
				LastSwiftUpdateCheck = 1250;
				LastUpgradeCheck = 1430;
				TargetAttributes = {
					A9D1C9B126B3086500F4421B = {
						CreatedOnToolsVersion = 12.5.1;
					};
					A9D1C9CD26B308B100F4421B = {
						CreatedOnToolsVersion = 12.5.1;
						LastSwiftMigration = 1420;
					};
				};
			};
			buildConfigurationList = A9D1C9AD26B3086500F4421B /* Build configuration list for PBXProject "CokeVideo" */;
			compatibilityVersion = "Xcode 9.3";
			developmentRegion = en;
			hasScannedForEncodings = 0;
			knownRegions = (
				en,
				Base,
			);
			mainGroup = A9D1C9A926B3086500F4421B;
			productRefGroup = A9D1C9B326B3086500F4421B /* Products */;
			projectDirPath = "";
			projectRoot = "";
			targets = (
				A9D1C9B126B3086500F4421B /* CokeVideo */,
				A9D1C9CD26B308B100F4421B /* Coke */,
			);
		};
/* End PBXProject section */

/* Begin PBXResourcesBuildPhase section */
		A9D1C9B026B3086500F4421B /* Resources */ = {
			isa = PBXResourcesBuildPhase;
			buildActionMask = 2147483647;
			files = (
				A9D1CA2026B30B6B00F4421B /* Launch.storyboard in Resources */,
				A9D1C9BF26B3086600F4421B /* Assets.xcassets in Resources */,
				A9D1C9BD26B3086500F4421B /* Main.storyboard in Resources */,
			);
			runOnlyForDeploymentPostprocessing = 0;
		};
		A9D1C9CC26B308B100F4421B /* Resources */ = {
			isa = PBXResourcesBuildPhase;
			buildActionMask = 2147483647;
			files = (
			);
			runOnlyForDeploymentPostprocessing = 0;
		};
/* End PBXResourcesBuildPhase section */

/* Begin PBXSourcesBuildPhase section */
		A9D1C9AE26B3086500F4421B /* Sources */ = {
			isa = PBXSourcesBuildPhase;
			buildActionMask = 2147483647;
			files = (
				A9D1C9BA26B3086500F4421B /* ViewController.swift in Sources */,
				A9D1C9B626B3086500F4421B /* AppDelegate.swift in Sources */,
				A9226E242AB5399E003A1B62 /* CokeModelViewController.swift in Sources */,
				A9B1F52226B6380500E157A4 /* DetailViewController.swift in Sources */,
			);
			runOnlyForDeploymentPostprocessing = 0;
		};
		A9D1C9CA26B308B100F4421B /* Sources */ = {
			isa = PBXSourcesBuildPhase;
			buildActionMask = 2147483647;
			files = (
				A9C8D4E62AA75F0900C23FC6 /* CodeSampleDisplay.swift in Sources */,
				A9D1CA1526B3093800F4421B /* CokeDownloader.swift in Sources */,
				A9D1CA0726B3093800F4421B /* CokeVideo.metal in Sources */,
				A9D1CA0926B3093800F4421B /* CokeView.swift in Sources */,
				A9D1CA1226B3093800F4421B /* Coke.swift in Sources */,
				A9D1CA1426B3093800F4421B /* CokeVideoLoader.swift in Sources */,
				A9D1CA2226B31DFE00F4421B /* CokeConfig.swift in Sources */,
				A922CCEF2AB86D2600E4C8C0 /* CokeLighting.metal in Sources */,
				A9D1CA0326B3093800F4421B /* CokeDisplay.swift in Sources */,
				A9D1CA1326B3093800F4421B /* CokeSecurity.swift in Sources */,
				A9D1CA1126B3093800F4421B /* CokeDiskStorage.swift in Sources */,
				A923536F2AAD6ECD00FFF763 /* CokeAudioConverter.swift in Sources */,
				A9E3D6312AA60FCB00BD5CF7 /* CodeVideoSample.swift in Sources */,
				A9D1CA0126B3093800F4421B /* CokeConfiguration.swift in Sources */,
				A9A40D192AB4C162000DB84A /* CokeModel.swift in Sources */,
				A9D1CA0826B3093800F4421B /* CokeVideoTrack.swift in Sources */,
				A9D1CA0526B3093800F4421B /* CokeVideoPlayer.swift in Sources */,
				A9D1CA0026B3093800F4421B /* CokeCompute.swift in Sources */,
				A9226E262AB5598D003A1B62 /* CokeModel.metal in Sources */,
				A9D1CA0426B3093800F4421B /* CokeMetalFilter.swift in Sources */,
				A9E3D6342AA6127900BD5CF7 /* CokeCapture.swift in Sources */,
				A9E3D62F2AA60D9C00BD5CF7 /* CodeVideoEncoder.swift in Sources */,
				A9C8D4E42AA6400200C23FC6 /* CodeVideoDecoder.swift in Sources */,
				A9C8D4EB2AA78DDF00C23FC6 /* CokeAudioBuffer.swift in Sources */,
				A9C8D50D2AACA64F00C23FC6 /* CokeAudioPlayer.swift in Sources */,
				A9D1CA0226B3093800F4421B /* CokeTextureRender.swift in Sources */,
			);
			runOnlyForDeploymentPostprocessing = 0;
		};
/* End PBXSourcesBuildPhase section */

/* Begin PBXTargetDependency section */
		A9D1C9D426B308B100F4421B /* PBXTargetDependency */ = {
			isa = PBXTargetDependency;
			target = A9D1C9CD26B308B100F4421B /* Coke */;
			targetProxy = A9D1C9D326B308B100F4421B /* PBXContainerItemProxy */;
		};
/* End PBXTargetDependency section */

/* Begin PBXVariantGroup section */
		A9D1C9BB26B3086500F4421B /* Main.storyboard */ = {
			isa = PBXVariantGroup;
			children = (
				A9D1C9BC26B3086500F4421B /* Base */,
			);
			name = Main.storyboard;
			sourceTree = "<group>";
		};
/* End PBXVariantGroup section */

/* Begin XCBuildConfiguration section */
		A9D1C9C426B3086600F4421B /* Debug */ = {
			isa = XCBuildConfiguration;
			buildSettings = {
				ALWAYS_SEARCH_USER_PATHS = NO;
				BUILD_LIBRARY_FOR_DISTRIBUTION = YES;
				CLANG_ANALYZER_NONNULL = YES;
				CLANG_ANALYZER_NUMBER_OBJECT_CONVERSION = YES_AGGRESSIVE;
				CLANG_CXX_LANGUAGE_STANDARD = "gnu++14";
				CLANG_CXX_LIBRARY = "libc++";
				CLANG_ENABLE_MODULES = YES;
				CLANG_ENABLE_OBJC_ARC = YES;
				CLANG_ENABLE_OBJC_WEAK = YES;
				CLANG_WARN_BLOCK_CAPTURE_AUTORELEASING = YES;
				CLANG_WARN_BOOL_CONVERSION = YES;
				CLANG_WARN_COMMA = YES;
				CLANG_WARN_CONSTANT_CONVERSION = YES;
				CLANG_WARN_DEPRECATED_OBJC_IMPLEMENTATIONS = YES;
				CLANG_WARN_DIRECT_OBJC_ISA_USAGE = YES_ERROR;
				CLANG_WARN_DOCUMENTATION_COMMENTS = YES;
				CLANG_WARN_EMPTY_BODY = YES;
				CLANG_WARN_ENUM_CONVERSION = YES;
				CLANG_WARN_INFINITE_RECURSION = YES;
				CLANG_WARN_INT_CONVERSION = YES;
				CLANG_WARN_NON_LITERAL_NULL_CONVERSION = YES;
				CLANG_WARN_OBJC_IMPLICIT_RETAIN_SELF = YES;
				CLANG_WARN_OBJC_LITERAL_CONVERSION = YES;
				CLANG_WARN_OBJC_ROOT_CLASS = YES_ERROR;
				CLANG_WARN_QUOTED_INCLUDE_IN_FRAMEWORK_HEADER = YES;
				CLANG_WARN_RANGE_LOOP_ANALYSIS = YES;
				CLANG_WARN_STRICT_PROTOTYPES = YES;
				CLANG_WARN_SUSPICIOUS_MOVE = YES;
				CLANG_WARN_UNGUARDED_AVAILABILITY = YES_AGGRESSIVE;
				CLANG_WARN_UNREACHABLE_CODE = YES;
				CLANG_WARN__DUPLICATE_METHOD_MATCH = YES;
				COPY_PHASE_STRIP = NO;
				DEBUG_INFORMATION_FORMAT = dwarf;
				ENABLE_STRICT_OBJC_MSGSEND = YES;
				ENABLE_TESTABILITY = YES;
				GCC_C_LANGUAGE_STANDARD = gnu11;
				GCC_DYNAMIC_NO_PIC = NO;
				GCC_NO_COMMON_BLOCKS = YES;
				GCC_OPTIMIZATION_LEVEL = 0;
				GCC_PREPROCESSOR_DEFINITIONS = (
					"DEBUG=1",
					"$(inherited)",
				);
				GCC_WARN_64_TO_32_BIT_CONVERSION = YES;
				GCC_WARN_ABOUT_RETURN_TYPE = YES_ERROR;
				GCC_WARN_UNDECLARED_SELECTOR = YES;
				GCC_WARN_UNINITIALIZED_AUTOS = YES_AGGRESSIVE;
				GCC_WARN_UNUSED_FUNCTION = YES;
				GCC_WARN_UNUSED_VARIABLE = YES;
				IPHONEOS_DEPLOYMENT_TARGET = 12.0;
				MTL_ENABLE_DEBUG_INFO = INCLUDE_SOURCE;
				MTL_FAST_MATH = YES;
				ONLY_ACTIVE_ARCH = YES;
				SDKROOT = iphoneos;
				SWIFT_ACTIVE_COMPILATION_CONDITIONS = DEBUG;
				SWIFT_OPTIMIZATION_LEVEL = "-Onone";
			};
			name = Debug;
		};
		A9D1C9C526B3086600F4421B /* Release */ = {
			isa = XCBuildConfiguration;
			buildSettings = {
				ALWAYS_SEARCH_USER_PATHS = NO;
				BUILD_LIBRARY_FOR_DISTRIBUTION = YES;
				CLANG_ANALYZER_NONNULL = YES;
				CLANG_ANALYZER_NUMBER_OBJECT_CONVERSION = YES_AGGRESSIVE;
				CLANG_CXX_LANGUAGE_STANDARD = "gnu++14";
				CLANG_CXX_LIBRARY = "libc++";
				CLANG_ENABLE_MODULES = YES;
				CLANG_ENABLE_OBJC_ARC = YES;
				CLANG_ENABLE_OBJC_WEAK = YES;
				CLANG_WARN_BLOCK_CAPTURE_AUTORELEASING = YES;
				CLANG_WARN_BOOL_CONVERSION = YES;
				CLANG_WARN_COMMA = YES;
				CLANG_WARN_CONSTANT_CONVERSION = YES;
				CLANG_WARN_DEPRECATED_OBJC_IMPLEMENTATIONS = YES;
				CLANG_WARN_DIRECT_OBJC_ISA_USAGE = YES_ERROR;
				CLANG_WARN_DOCUMENTATION_COMMENTS = YES;
				CLANG_WARN_EMPTY_BODY = YES;
				CLANG_WARN_ENUM_CONVERSION = YES;
				CLANG_WARN_INFINITE_RECURSION = YES;
				CLANG_WARN_INT_CONVERSION = YES;
				CLANG_WARN_NON_LITERAL_NULL_CONVERSION = YES;
				CLANG_WARN_OBJC_IMPLICIT_RETAIN_SELF = YES;
				CLANG_WARN_OBJC_LITERAL_CONVERSION = YES;
				CLANG_WARN_OBJC_ROOT_CLASS = YES_ERROR;
				CLANG_WARN_QUOTED_INCLUDE_IN_FRAMEWORK_HEADER = YES;
				CLANG_WARN_RANGE_LOOP_ANALYSIS = YES;
				CLANG_WARN_STRICT_PROTOTYPES = YES;
				CLANG_WARN_SUSPICIOUS_MOVE = YES;
				CLANG_WARN_UNGUARDED_AVAILABILITY = YES_AGGRESSIVE;
				CLANG_WARN_UNREACHABLE_CODE = YES;
				CLANG_WARN__DUPLICATE_METHOD_MATCH = YES;
				COPY_PHASE_STRIP = NO;
				DEBUG_INFORMATION_FORMAT = "dwarf-with-dsym";
				ENABLE_NS_ASSERTIONS = NO;
				ENABLE_STRICT_OBJC_MSGSEND = YES;
				GCC_C_LANGUAGE_STANDARD = gnu11;
				GCC_NO_COMMON_BLOCKS = YES;
				GCC_WARN_64_TO_32_BIT_CONVERSION = YES;
				GCC_WARN_ABOUT_RETURN_TYPE = YES_ERROR;
				GCC_WARN_UNDECLARED_SELECTOR = YES;
				GCC_WARN_UNINITIALIZED_AUTOS = YES_AGGRESSIVE;
				GCC_WARN_UNUSED_FUNCTION = YES;
				GCC_WARN_UNUSED_VARIABLE = YES;
				IPHONEOS_DEPLOYMENT_TARGET = 12.0;
				MTL_ENABLE_DEBUG_INFO = NO;
				MTL_FAST_MATH = YES;
				SDKROOT = iphoneos;
				SWIFT_COMPILATION_MODE = wholemodule;
				SWIFT_OPTIMIZATION_LEVEL = "-O";
				VALIDATE_PRODUCT = YES;
			};
			name = Release;
		};
		A9D1C9C726B3086600F4421B /* Debug */ = {
			isa = XCBuildConfiguration;
			buildSettings = {
				ALWAYS_EMBED_SWIFT_STANDARD_LIBRARIES = YES;
				ASSETCATALOG_COMPILER_APPICON_NAME = AppIcon;
				ASSETCATALOG_COMPILER_GLOBAL_ACCENT_COLOR_NAME = AccentColor;
				BUILD_LIBRARY_FOR_DISTRIBUTION = YES;
				CODE_SIGN_ENTITLEMENTS = CokeVideo/CokeVideo.entitlements;
				CODE_SIGN_STYLE = Automatic;
				DEVELOPMENT_TEAM = JYCHA46QC4;
				FRAMEWORK_SEARCH_PATHS = "$(inherited)";
				HEADER_SEARCH_PATHS = "";
				INFOPLIST_FILE = CokeVideo/Info.plist;
				IPHONEOS_DEPLOYMENT_TARGET = 13.0;
				"IPHONEOS_DEPLOYMENT_TARGET[sdk=macosx*]" = 14.0;
				LD_RUNPATH_SEARCH_PATHS = (
					"$(inherited)",
					"@executable_path/Frameworks",
				);
				LIBRARY_SEARCH_PATHS = (
					"$(inherited)",
					"$(PROJECT_DIR)/CokeVideo/FFmpeg-iOS/lib",
				);
				PRODUCT_BUNDLE_IDENTIFIER = com.yinhao.CokeVideo;
				PRODUCT_NAME = "$(TARGET_NAME)";
				SUPPORTED_PLATFORMS = "iphoneos iphonesimulator";
				SUPPORTS_MACCATALYST = YES;
				SUPPORTS_MAC_DESIGNED_FOR_IPHONE_IPAD = NO;
				SWIFT_VERSION = 5.0;
				TARGETED_DEVICE_FAMILY = "1,2";
			};
			name = Debug;
		};
		A9D1C9C826B3086600F4421B /* Release */ = {
			isa = XCBuildConfiguration;
			buildSettings = {
				ALWAYS_EMBED_SWIFT_STANDARD_LIBRARIES = YES;
				ASSETCATALOG_COMPILER_APPICON_NAME = AppIcon;
				ASSETCATALOG_COMPILER_GLOBAL_ACCENT_COLOR_NAME = AccentColor;
				BUILD_LIBRARY_FOR_DISTRIBUTION = YES;
				CODE_SIGN_ENTITLEMENTS = CokeVideo/CokeVideo.entitlements;
				CODE_SIGN_STYLE = Automatic;
				DEVELOPMENT_TEAM = JYCHA46QC4;
				FRAMEWORK_SEARCH_PATHS = "$(inherited)";
				HEADER_SEARCH_PATHS = "";
				INFOPLIST_FILE = CokeVideo/Info.plist;
				IPHONEOS_DEPLOYMENT_TARGET = 13.0;
				"IPHONEOS_DEPLOYMENT_TARGET[sdk=macosx*]" = 14.0;
				LD_RUNPATH_SEARCH_PATHS = (
					"$(inherited)",
					"@executable_path/Frameworks",
				);
				LIBRARY_SEARCH_PATHS = (
					"$(inherited)",
					"$(PROJECT_DIR)/CokeVideo/FFmpeg-iOS/lib",
				);
				PRODUCT_BUNDLE_IDENTIFIER = com.yinhao.CokeVideo;
				PRODUCT_NAME = "$(TARGET_NAME)";
				SUPPORTED_PLATFORMS = "iphoneos iphonesimulator";
				SUPPORTS_MACCATALYST = YES;
				SUPPORTS_MAC_DESIGNED_FOR_IPHONE_IPAD = NO;
				SWIFT_VERSION = 5.0;
				TARGETED_DEVICE_FAMILY = "1,2";
			};
			name = Release;
		};
		A9D1C9D826B308B100F4421B /* Debug */ = {
			isa = XCBuildConfiguration;
			buildSettings = {
				BUILD_LIBRARY_FOR_DISTRIBUTION = YES;
				CLANG_ENABLE_MODULES = YES;
				CODE_SIGN_IDENTITY = "";
				CODE_SIGN_STYLE = Automatic;
				CURRENT_PROJECT_VERSION = 1;
				DEFINES_MODULE = YES;
				DEVELOPMENT_TEAM = JYCHA46QC4;
				DYLIB_COMPATIBILITY_VERSION = 1;
				DYLIB_CURRENT_VERSION = 1;
				DYLIB_INSTALL_NAME_BASE = "@rpath";
				ENABLE_MODULE_VERIFIER = YES;
				FRAMEWORK_SEARCH_PATHS = (
					"$(inherited)",
					"$(PROJECT_DIR)/Coke",
				);
				INFOPLIST_FILE = Coke/Info.plist;
				INSTALL_PATH = "$(LOCAL_LIBRARY_DIR)/Frameworks";
				IPHONEOS_DEPLOYMENT_TARGET = 13.0;
				"IPHONEOS_DEPLOYMENT_TARGET[sdk=macosx*]" = 14.0;
				LD_RUNPATH_SEARCH_PATHS = (
					"$(inherited)",
					"@executable_path/Frameworks",
					"@loader_path/Frameworks",
				);
				MODULE_VERIFIER_SUPPORTED_LANGUAGES = "objective-c objective-c++";
				MODULE_VERIFIER_SUPPORTED_LANGUAGE_STANDARDS = "gnu11 gnu++14";
				PRODUCT_BUNDLE_IDENTIFIER = com.yinhao.Coke;
				PRODUCT_NAME = "$(TARGET_NAME:c99extidentifier)";
				SKIP_INSTALL = YES;
				SWIFT_OPTIMIZATION_LEVEL = "-Onone";
				SWIFT_VERSION = 5.0;
				TARGETED_DEVICE_FAMILY = "1,2";
				VERSIONING_SYSTEM = "apple-generic";
				VERSION_INFO_PREFIX = "";
			};
			name = Debug;
		};
		A9D1C9D926B308B100F4421B /* Release */ = {
			isa = XCBuildConfiguration;
			buildSettings = {
				BUILD_LIBRARY_FOR_DISTRIBUTION = YES;
				CLANG_ENABLE_MODULES = YES;
				CODE_SIGN_IDENTITY = "";
				CODE_SIGN_STYLE = Automatic;
				CURRENT_PROJECT_VERSION = 1;
				DEFINES_MODULE = YES;
				DEVELOPMENT_TEAM = JYCHA46QC4;
				DYLIB_COMPATIBILITY_VERSION = 1;
				DYLIB_CURRENT_VERSION = 1;
				DYLIB_INSTALL_NAME_BASE = "@rpath";
				ENABLE_MODULE_VERIFIER = YES;
				FRAMEWORK_SEARCH_PATHS = (
					"$(inherited)",
					"$(PROJECT_DIR)/Coke",
				);
				INFOPLIST_FILE = Coke/Info.plist;
				INSTALL_PATH = "$(LOCAL_LIBRARY_DIR)/Frameworks";
				IPHONEOS_DEPLOYMENT_TARGET = 13.0;
				"IPHONEOS_DEPLOYMENT_TARGET[sdk=macosx*]" = 14.0;
				LD_RUNPATH_SEARCH_PATHS = (
					"$(inherited)",
					"@executable_path/Frameworks",
					"@loader_path/Frameworks",
				);
				MODULE_VERIFIER_SUPPORTED_LANGUAGES = "objective-c objective-c++";
				MODULE_VERIFIER_SUPPORTED_LANGUAGE_STANDARDS = "gnu11 gnu++14";
				PRODUCT_BUNDLE_IDENTIFIER = com.yinhao.Coke;
				PRODUCT_NAME = "$(TARGET_NAME:c99extidentifier)";
				SKIP_INSTALL = YES;
				SWIFT_VERSION = 5.0;
				TARGETED_DEVICE_FAMILY = "1,2";
				VERSIONING_SYSTEM = "apple-generic";
				VERSION_INFO_PREFIX = "";
			};
			name = Release;
		};
/* End XCBuildConfiguration section */

/* Begin XCConfigurationList section */
		A9D1C9AD26B3086500F4421B /* Build configuration list for PBXProject "CokeVideo" */ = {
			isa = XCConfigurationList;
			buildConfigurations = (
				A9D1C9C426B3086600F4421B /* Debug */,
				A9D1C9C526B3086600F4421B /* Release */,
			);
			defaultConfigurationIsVisible = 0;
			defaultConfigurationName = Release;
		};
		A9D1C9C626B3086600F4421B /* Build configuration list for PBXNativeTarget "CokeVideo" */ = {
			isa = XCConfigurationList;
			buildConfigurations = (
				A9D1C9C726B3086600F4421B /* Debug */,
				A9D1C9C826B3086600F4421B /* Release */,
			);
			defaultConfigurationIsVisible = 0;
			defaultConfigurationName = Release;
		};
		A9D1C9D726B308B100F4421B /* Build configuration list for PBXNativeTarget "Coke" */ = {
			isa = XCConfigurationList;
			buildConfigurations = (
				A9D1C9D826B308B100F4421B /* Debug */,
				A9D1C9D926B308B100F4421B /* Release */,
			);
			defaultConfigurationIsVisible = 0;
			defaultConfigurationName = Release;
		};
/* End XCConfigurationList section */
	};
	rootObject = A9D1C9AA26B3086500F4421B /* Project object */;
}
